
Microsoft Visual Studio Solution File, Format Version 12.00
# Visual Studio Version 17
VisualStudioVersion = 17.7.34221.43
MinimumVisualStudioVersion = 10.0.40219.1
Project("{FAE04EC0-301F-11D3-BF4B-00C04F79EFBC}") = "Calculator1", "Calculator1\Calculator1.csproj", "{B1DDC2CE-9C5A-4542-A3EF-6F1E76D79C2E}"
EndProject
Global
	GlobalSection(SolutionConfigurationPlatforms) = preSolution
		Debug|Any CPU = Debug|Any CPU
		Release|Any CPU = Release|Any CPU
	EndGlobalSection
	GlobalSection(ProjectConfigurationPlatforms) = postSolution
		{B1DDC2CE-9C5A-4542-A3EF-6F1E76D79C2E}.Debug|Any CPU.ActiveCfg = Debug|Any CPU
		{B1DDC2CE-9C5A-4542-A3EF-6F1E76D79C2E}.Debug|Any CPU.Build.0 = Debug|Any CPU
		{B1DDC2CE-9C5A-4542-A3EF-6F1E76D79C2E}.Release|Any CPU.ActiveCfg = Release|Any CPU
		{B1DDC2CE-9C5A-4542-A3EF-6F1E76D79C2E}.Release|Any CPU.Build.0 = Release|Any CPU
	EndGlobalSection
	GlobalSection(SolutionProperties) = preSolution
		HideSolutionNode = FALSE
	EndGlobalSection
	GlobalSection(ExtensibilityGlobals) = postSolution
		SolutionGuid = {1745A89D-23C3-4BF2-842E-6F88AA3D99D9}
	EndGlobalSection
EndGlobal
